
Microsoft Visual Studio Solution File, Format Version 12.00
# Visual Studio Version 16
VisualStudioVersion = 16.0.29418.71
MinimumVisualStudioVersion = 10.0.40219.1
Project("{9A19103F-16F7-4668-BE54-9A1E7A4F7556}") = "PrabalGhosh.Utilities", "src\PrabalGhosh.Utilities\PrabalGhosh.Utilities.csproj", "{70C90FFC-9B40-42A5-84B3-79DA7013483C}"
EndProject
Project("{9A19103F-16F7-4668-BE54-9A1E7A4F7556}") = "PrabalGhosh.Utilities.Tests", "tests\PrabalGhosh.Utilities.Tests\PrabalGhosh.Utilities.Tests.csproj", "{6A3980EE-EF42-491B-8BDA-842965298A0D}"
EndProject
Global
	GlobalSection(SolutionConfigurationPlatforms) = preSolution
		Debug|Any CPU = Debug|Any CPU
		Release|Any CPU = Release|Any CPU
	EndGlobalSection
	GlobalSection(ProjectConfigurationPlatforms) = postSolution
		{70C90FFC-9B40-42A5-84B3-79DA7013483C}.Debug|Any CPU.ActiveCfg = Debug|Any CPU
		{70C90FFC-9B40-42A5-84B3-79DA7013483C}.Debug|Any CPU.Build.0 = Debug|Any CPU
		{70C90FFC-9B40-42A5-84B3-79DA7013483C}.Release|Any CPU.ActiveCfg = Release|Any CPU
		{70C90FFC-9B40-42A5-84B3-79DA7013483C}.Release|Any CPU.Build.0 = Release|Any CPU
		{6A3980EE-EF42-491B-8BDA-842965298A0D}.Debug|Any CPU.ActiveCfg = Debug|Any CPU
		{6A3980EE-EF42-491B-8BDA-842965298A0D}.Debug|Any CPU.Build.0 = Debug|Any CPU
		{6A3980EE-EF42-491B-8BDA-842965298A0D}.Release|Any CPU.ActiveCfg = Release|Any CPU
		{6A3980EE-EF42-491B-8BDA-842965298A0D}.Release|Any CPU.Build.0 = Release|Any CPU
	EndGlobalSection
	GlobalSection(SolutionProperties) = preSolution
		HideSolutionNode = FALSE
	EndGlobalSection
	GlobalSection(ExtensibilityGlobals) = postSolution
		SolutionGuid = {FCDF8CAC-1019-4573-8B0D-ABCC2CFF69D2}
	EndGlobalSection
EndGlobal
